PODS:
  - AKTrakt (1.0.1):
    - Alamofire (~> 4.7.3)
  - Alamofire (4.7.3)
  - TraktKit (1.0.4)

DEPENDENCIES:
  - AKTrakt (from `https://github.com/Dyldog/AKTrakt.git`)
  - Alamofire (~> 4.7.3)
  - TraktKit (from `https://github.com/Dyldog/TraktKit.git`)

SPEC REPOS:
  https://github.com/cocoapods/specs.git:
    - Alamofire

EXTERNAL SOURCES:
  AKTrakt:
    :git: https://github.com/Dyldog/AKTrakt.git
  TraktKit:
    :git: https://github.com/Dyldog/TraktKit.git

CHECKOUT OPTIONS:
  AKTrakt:
    :commit: 0e0726f1a7bcbf82ef8a0c915f312782aadd9e6a
    :git: https://github.com/Dyldog/AKTrakt.git
  TraktKit:
    :commit: 468daf85bb8be8c625d1df0a9757aa95399fa857
    :git: https://github.com/Dyldog/TraktKit.git

SPEC CHECKSUMS:
  AKTrakt: 3571f333784a07c735ef6fcf8f994c03118354c0
  Alamofire: c7287b6e5d7da964a70935e5db17046b7fde6568
  TraktKit: ab543906c7e0c431c0092abd26a4a9dae6c6de3e

PODFILE CHECKSUM: 1fbe767fbd41caed628ff9bb72336f7eca90d34e

COCOAPODS: 1.5.3
